<?xml version="1.0" encoding="utf-8"?>
<Project ToolsVersion="4.0" xmlns="http://schemas.microsoft.com/developer/msbuild/2003">
  <ItemGroup>
    <Filter Include="include">
      <UniqueIdentifier>{9c6d1fdc-8f4b-4b32-8a25-5abcbf64a972}</UniqueIdentifier>
    </Filter>
    <Filter Include="src">
      <UniqueIdentifier>{4a5b56d3-5d2a-45f5-b8ba-31429b6fd040}</UniqueIdentifier>
    </Filter>
  </ItemGroup>
  <ItemGroup>
    <ClCompile Include="src\main.cpp">
      <Filter>src</Filter>
    </ClCompile>
    <ClCompile Include="src\convert_units.cpp">
      <Filter>src</Filter>
    </ClCompile>
    <ClCompile Include="src\vector2.cpp">
      <Filter>src</Filter>
    </ClCompile>
  </ItemGroup>
  <ItemGroup>
    <ClInclude Include="include\convert_units.hpp">
      <Filter>include</Filter>
    </ClInclude>
    <ClInclude Include="include\vector2.hpp">
      <Filter>include</Filter>
    </ClInclude>
  </ItemGroup>
</Project>